
Microsoft Visual Studio Solution File, Format Version 12.00
# Visual Studio Version 17
VisualStudioVersion = 17.10.35122.118
MinimumVisualStudioVersion = 10.0.40219.1
Project("{FAE04EC0-301F-11D3-BF4B-00C04F79EFBC}") = "MohanTestProject", "MohanTestProject\MohanTestProject.csproj", "{C2C14DCC-A058-4EB5-8855-988037930071}"
EndProject
Global
	GlobalSection(SolutionConfigurationPlatforms) = preSolution
		Debug|Any CPU = Debug|Any CPU
		Release|Any CPU = Release|Any CPU
	EndGlobalSection
	GlobalSection(ProjectConfigurationPlatforms) = postSolution
		{C2C14DCC-A058-4EB5-8855-988037930071}.Debug|Any CPU.ActiveCfg = Debug|Any CPU
		{C2C14DCC-A058-4EB5-8855-988037930071}.Debug|Any CPU.Build.0 = Debug|Any CPU
		{C2C14DCC-A058-4EB5-8855-988037930071}.Release|Any CPU.ActiveCfg = Release|Any CPU
		{C2C14DCC-A058-4EB5-8855-988037930071}.Release|Any CPU.Build.0 = Release|Any CPU
	EndGlobalSection
	GlobalSection(SolutionProperties) = preSolution
		HideSolutionNode = FALSE
	EndGlobalSection
	GlobalSection(ExtensibilityGlobals) = postSolution
		SolutionGuid = {85C369D3-A233-45EA-98B6-F8F6FB48C921}
	EndGlobalSection
EndGlobal
